
Microsoft Visual Studio Solution File, Format Version 12.00
# Visual Studio Version 17
VisualStudioVersion = 17.11.35312.102
MinimumVisualStudioVersion = 10.0.40219.1
Project("{9A19103F-16F7-4668-BE54-9A1E7A4F7556}") = "asp_servicios", "Localizacion.Backend\asp_servicios.csproj", "{ECD78BF1-CE1D-4552-B82E-4BAF0BD6A683}"
EndProject
Project("{9A19103F-16F7-4668-BE54-9A1E7A4F7556}") = "asp_presentacion", "Lolizacion.Frontend\asp_presentacion.csproj", "{9CDD9783-5784-48BA-9F0B-1ECB536D1225}"
EndProject
Project("{9A19103F-16F7-4668-BE54-9A1E7A4F7556}") = "lib_repositorios", "lib_repositorios\lib_repositorios.csproj", "{3D18E569-60F8-4040-9271-9066AB626F14}"
EndProject
Project("{9A19103F-16F7-4668-BE54-9A1E7A4F7556}") = "mst_pruebas", "mst_pruebas\mst_pruebas.csproj", "{C8302374-3138-4DD7-8331-C0B0D704CD31}"
EndProject
Project("{9A19103F-16F7-4668-BE54-9A1E7A4F7556}") = "lib_entidades", "lib_entidades\lib_entidades.csproj", "{702D647F-A3F1-41A6-8A59-37236146F62D}"
EndProject
Project("{9A19103F-16F7-4668-BE54-9A1E7A4F7556}") = "lib_aplicaciones", "lib_aplicaciones\lib_aplicaciones.csproj", "{5DF9D516-ADF1-4235-AAEE-4D27AA9ED34B}"
EndProject
Project("{9A19103F-16F7-4668-BE54-9A1E7A4F7556}") = "lib_utilidades", "lib_utilidades\lib_utilidades.csproj", "{CA375696-A962-4649-957A-818F7B12AF9A}"
EndProject
Project("{9A19103F-16F7-4668-BE54-9A1E7A4F7556}") = "wpf_presentation", "wpf_presentation\wpf_presentation.csproj", "{81FE502A-BACF-4B77-8BB5-36C769E4BF56}"
EndProject
Project("{2150E333-8FDC-42A3-9474-1A3956D46DE8}") = "1. Presentaciones", "1. Presentaciones", "{E788D7C9-C880-49C8-B6A9-BA07A8E7823D}"
EndProject
Project("{2150E333-8FDC-42A3-9474-1A3956D46DE8}") = "2. Servicios", "2. Servicios", "{48128135-0319-48C4-8FF5-666563319BF4}"
EndProject
Project("{2150E333-8FDC-42A3-9474-1A3956D46DE8}") = "3. Comunes", "3. Comunes", "{F4BCEA7D-AC6B-429A-9098-52F434C06A31}"
EndProject
Project("{2150E333-8FDC-42A3-9474-1A3956D46DE8}") = "4. Pruebas Unitarias", "4. Pruebas Unitarias", "{D26B6386-2744-45D0-AF90-294D00D78F98}"
EndProject
Project("{9A19103F-16F7-4668-BE54-9A1E7A4F7556}") = "lib_comunicaciones", "lib_comunicaciones\lib_comunicaciones.csproj", "{51EDF25B-D5B0-4AE8-86CA-21B421F88900}"
EndProject
Project("{9A19103F-16F7-4668-BE54-9A1E7A4F7556}") = "lib_presentaciones", "lib_presentacion\lib_presentaciones.csproj", "{D0D69419-B95A-4354-9F2C-A6BC82379583}"
EndProject
Project("{9A19103F-16F7-4668-BE54-9A1E7A4F7556}") = "lib_lenguajes", "lib_lenguajes\lib_lenguajes.csproj", "{2736B529-D11E-4C44-89B0-488D469A5CDD}"
EndProject
Global
	GlobalSection(SolutionConfigurationPlatforms) = preSolution
		Debug|Any CPU = Debug|Any CPU
		Release|Any CPU = Release|Any CPU
	EndGlobalSection
	GlobalSection(ProjectConfigurationPlatforms) = postSolution
		{ECD78BF1-CE1D-4552-B82E-4BAF0BD6A683}.Debug|Any CPU.ActiveCfg = Debug|Any CPU
		{ECD78BF1-CE1D-4552-B82E-4BAF0BD6A683}.Debug|Any CPU.Build.0 = Debug|Any CPU
		{ECD78BF1-CE1D-4552-B82E-4BAF0BD6A683}.Release|Any CPU.ActiveCfg = Release|Any CPU
		{ECD78BF1-CE1D-4552-B82E-4BAF0BD6A683}.Release|Any CPU.Build.0 = Release|Any CPU
		{9CDD9783-5784-48BA-9F0B-1ECB536D1225}.Debug|Any CPU.ActiveCfg = Debug|Any CPU
		{9CDD9783-5784-48BA-9F0B-1ECB536D1225}.Debug|Any CPU.Build.0 = Debug|Any CPU
		{9CDD9783-5784-48BA-9F0B-1ECB536D1225}.Release|Any CPU.ActiveCfg = Release|Any CPU
		{9CDD9783-5784-48BA-9F0B-1ECB536D1225}.Release|Any CPU.Build.0 = Release|Any CPU
		{3D18E569-60F8-4040-9271-9066AB626F14}.Debug|Any CPU.ActiveCfg = Debug|Any CPU
		{3D18E569-60F8-4040-9271-9066AB626F14}.Debug|Any CPU.Build.0 = Debug|Any CPU
		{3D18E569-60F8-4040-9271-9066AB626F14}.Release|Any CPU.ActiveCfg = Release|Any CPU
		{3D18E569-60F8-4040-9271-9066AB626F14}.Release|Any CPU.Build.0 = Release|Any CPU
		{C8302374-3138-4DD7-8331-C0B0D704CD31}.Debug|Any CPU.ActiveCfg = Debug|Any CPU
		{C8302374-3138-4DD7-8331-C0B0D704CD31}.Debug|Any CPU.Build.0 = Debug|Any CPU
		{C8302374-3138-4DD7-8331-C0B0D704CD31}.Release|Any CPU.ActiveCfg = Release|Any CPU
		{C8302374-3138-4DD7-8331-C0B0D704CD31}.Release|Any CPU.Build.0 = Release|Any CPU
		{702D647F-A3F1-41A6-8A59-37236146F62D}.Debug|Any CPU.ActiveCfg = Debug|Any CPU
		{702D647F-A3F1-41A6-8A59-37236146F62D}.Debug|Any CPU.Build.0 = Debug|Any CPU
		{702D647F-A3F1-41A6-8A59-37236146F62D}.Release|Any CPU.ActiveCfg = Release|Any CPU
		{702D647F-A3F1-41A6-8A59-37236146F62D}.Release|Any CPU.Build.0 = Release|Any CPU
		{5DF9D516-ADF1-4235-AAEE-4D27AA9ED34B}.Debug|Any CPU.ActiveCfg = Debug|Any CPU
		{5DF9D516-ADF1-4235-AAEE-4D27AA9ED34B}.Debug|Any CPU.Build.0 = Debug|Any CPU
		{5DF9D516-ADF1-4235-AAEE-4D27AA9ED34B}.Release|Any CPU.ActiveCfg = Release|Any CPU
		{5DF9D516-ADF1-4235-AAEE-4D27AA9ED34B}.Release|Any CPU.Build.0 = Release|Any CPU
		{CA375696-A962-4649-957A-818F7B12AF9A}.Debug|Any CPU.ActiveCfg = Debug|Any CPU
		{CA375696-A962-4649-957A-818F7B12AF9A}.Debug|Any CPU.Build.0 = Debug|Any CPU
		{CA375696-A962-4649-957A-818F7B12AF9A}.Release|Any CPU.ActiveCfg = Release|Any CPU
		{CA375696-A962-4649-957A-818F7B12AF9A}.Release|Any CPU.Build.0 = Release|Any CPU
		{81FE502A-BACF-4B77-8BB5-36C769E4BF56}.Debug|Any CPU.ActiveCfg = Debug|Any CPU
		{81FE502A-BACF-4B77-8BB5-36C769E4BF56}.Debug|Any CPU.Build.0 = Debug|Any CPU
		{81FE502A-BACF-4B77-8BB5-36C769E4BF56}.Release|Any CPU.ActiveCfg = Release|Any CPU
		{81FE502A-BACF-4B77-8BB5-36C769E4BF56}.Release|Any CPU.Build.0 = Release|Any CPU
		{51EDF25B-D5B0-4AE8-86CA-21B421F88900}.Debug|Any CPU.ActiveCfg = Debug|Any CPU
		{51EDF25B-D5B0-4AE8-86CA-21B421F88900}.Debug|Any CPU.Build.0 = Debug|Any CPU
		{51EDF25B-D5B0-4AE8-86CA-21B421F88900}.Release|Any CPU.ActiveCfg = Release|Any CPU
		{51EDF25B-D5B0-4AE8-86CA-21B421F88900}.Release|Any CPU.Build.0 = Release|Any CPU
		{D0D69419-B95A-4354-9F2C-A6BC82379583}.Debug|Any CPU.ActiveCfg = Debug|Any CPU
		{D0D69419-B95A-4354-9F2C-A6BC82379583}.Debug|Any CPU.Build.0 = Debug|Any CPU
		{D0D69419-B95A-4354-9F2C-A6BC82379583}.Release|Any CPU.ActiveCfg = Release|Any CPU
		{D0D69419-B95A-4354-9F2C-A6BC82379583}.Release|Any CPU.Build.0 = Release|Any CPU
		{2736B529-D11E-4C44-89B0-488D469A5CDD}.Debug|Any CPU.ActiveCfg = Debug|Any CPU
		{2736B529-D11E-4C44-89B0-488D469A5CDD}.Debug|Any CPU.Build.0 = Debug|Any CPU
		{2736B529-D11E-4C44-89B0-488D469A5CDD}.Release|Any CPU.ActiveCfg = Release|Any CPU
		{2736B529-D11E-4C44-89B0-488D469A5CDD}.Release|Any CPU.Build.0 = Release|Any CPU
	EndGlobalSection
	GlobalSection(SolutionProperties) = preSolution
		HideSolutionNode = FALSE
	EndGlobalSection
	GlobalSection(NestedProjects) = preSolution
		{ECD78BF1-CE1D-4552-B82E-4BAF0BD6A683} = {48128135-0319-48C4-8FF5-666563319BF4}
		{9CDD9783-5784-48BA-9F0B-1ECB536D1225} = {E788D7C9-C880-49C8-B6A9-BA07A8E7823D}
		{3D18E569-60F8-4040-9271-9066AB626F14} = {48128135-0319-48C4-8FF5-666563319BF4}
		{C8302374-3138-4DD7-8331-C0B0D704CD31} = {D26B6386-2744-45D0-AF90-294D00D78F98}
		{702D647F-A3F1-41A6-8A59-37236146F62D} = {F4BCEA7D-AC6B-429A-9098-52F434C06A31}
		{5DF9D516-ADF1-4235-AAEE-4D27AA9ED34B} = {48128135-0319-48C4-8FF5-666563319BF4}
		{CA375696-A962-4649-957A-818F7B12AF9A} = {F4BCEA7D-AC6B-429A-9098-52F434C06A31}
		{81FE502A-BACF-4B77-8BB5-36C769E4BF56} = {E788D7C9-C880-49C8-B6A9-BA07A8E7823D}
		{51EDF25B-D5B0-4AE8-86CA-21B421F88900} = {E788D7C9-C880-49C8-B6A9-BA07A8E7823D}
		{D0D69419-B95A-4354-9F2C-A6BC82379583} = {E788D7C9-C880-49C8-B6A9-BA07A8E7823D}
		{2736B529-D11E-4C44-89B0-488D469A5CDD} = {F4BCEA7D-AC6B-429A-9098-52F434C06A31}
	EndGlobalSection
	GlobalSection(ExtensibilityGlobals) = postSolution
		SolutionGuid = {B7202E23-BC92-4CA1-8C3C-8D092B06AFB5}
	EndGlobalSection
EndGlobal
